// !$*UTF8*$!
{
	archiveVersion = 1;
	classes = {
	};
	objectVersion = 46;
	objects = {

/* Begin PBXBuildFile section */
		OBJ_27 /* Asserts.swift in Sources */ = {isa = PBXBuildFile; fileRef = OBJ_8 /* Asserts.swift */; };
		OBJ_28 /* MockedObject.swift in Sources */ = {isa = PBXBuildFile; fileRef = OBJ_9 /* MockedObject.swift */; };
		OBJ_29 /* MockedType.swift in Sources */ = {isa = PBXBuildFile; fileRef = OBJ_10 /* MockedType.swift */; };
		OBJ_30 /* SelectorExtensions.swift in Sources */ = {isa = PBXBuildFile; fileRef = OBJ_11 /* SelectorExtensions.swift */; };
		OBJ_31 /* Smock.swift in Sources */ = {isa = PBXBuildFile; fileRef = OBJ_12 /* Smock.swift */; };
		OBJ_32 /* SmockStorage.swift in Sources */ = {isa = PBXBuildFile; fileRef = OBJ_13 /* SmockStorage.swift */; };
		OBJ_39 /* ProtocolUnderTest.swift in Sources */ = {isa = PBXBuildFile; fileRef = OBJ_16 /* ProtocolUnderTest.swift */; };
		OBJ_40 /* ProtocolUnderTestMock.swift in Sources */ = {isa = PBXBuildFile; fileRef = OBJ_17 /* ProtocolUnderTestMock.swift */; };
		OBJ_41 /* TestingProtocolExtensions.swift in Sources */ = {isa = PBXBuildFile; fileRef = OBJ_18 /* TestingProtocolExtensions.swift */; };
		OBJ_43 /* Smock.framework in Frameworks */ = {isa = PBXBuildFile; fileRef = OBJ_20 /* Smock.framework */; };
/* End PBXBuildFile section */

/* Begin PBXContainerItemProxy section */
		EC35BE9E1E9A57B200C3A4FD /* PBXContainerItemProxy */ = {
			isa = PBXContainerItemProxy;
			containerPortal = OBJ_1 /* Project object */;
			proxyType = 1;
			remoteGlobalIDString = OBJ_22;
			remoteInfo = Smock;
		};
/* End PBXContainerItemProxy section */

/* Begin PBXFileReference section */
		OBJ_10 /* MockedType.swift */ = {isa = PBXFileReference; lastKnownFileType = sourcecode.swift; path = MockedType.swift; sourceTree = "<group>"; };
		OBJ_11 /* SelectorExtensions.swift */ = {isa = PBXFileReference; lastKnownFileType = sourcecode.swift; path = SelectorExtensions.swift; sourceTree = "<group>"; };
		OBJ_12 /* Smock.swift */ = {isa = PBXFileReference; lastKnownFileType = sourcecode.swift; path = Smock.swift; sourceTree = "<group>"; };
		OBJ_13 /* SmockStorage.swift */ = {isa = PBXFileReference; lastKnownFileType = sourcecode.swift; path = SmockStorage.swift; sourceTree = "<group>"; };
		OBJ_16 /* ProtocolUnderTest.swift */ = {isa = PBXFileReference; lastKnownFileType = sourcecode.swift; path = ProtocolUnderTest.swift; sourceTree = "<group>"; };
		OBJ_17 /* ProtocolUnderTestMock.swift */ = {isa = PBXFileReference; lastKnownFileType = sourcecode.swift; path = ProtocolUnderTestMock.swift; sourceTree = "<group>"; };
		OBJ_18 /* TestingProtocolExtensions.swift */ = {isa = PBXFileReference; lastKnownFileType = sourcecode.swift; path = TestingProtocolExtensions.swift; sourceTree = "<group>"; };
		OBJ_20 /* Smock.framework */ = {isa = PBXFileReference; explicitFileType = wrapper.framework; path = Smock.framework; sourceTree = BUILT_PRODUCTS_DIR; };
		OBJ_21 /* SmockTests.xctest */ = {isa = PBXFileReference; lastKnownFileType = file; path = SmockTests.xctest; sourceTree = BUILT_PRODUCTS_DIR; };
		OBJ_6 /* Package.swift */ = {isa = PBXFileReference; explicitFileType = sourcecode.swift; path = Package.swift; sourceTree = "<group>"; };
		OBJ_8 /* Asserts.swift */ = {isa = PBXFileReference; lastKnownFileType = sourcecode.swift; path = Asserts.swift; sourceTree = "<group>"; };
		OBJ_9 /* MockedObject.swift */ = {isa = PBXFileReference; lastKnownFileType = sourcecode.swift; path = MockedObject.swift; sourceTree = "<group>"; };
/* End PBXFileReference section */

/* Begin PBXFrameworksBuildPhase section */
		OBJ_33 /* Frameworks */ = {
			isa = PBXFrameworksBuildPhase;
			buildActionMask = 0;
			files = (
			);
			runOnlyForDeploymentPostprocessing = 0;
		};
		OBJ_42 /* Frameworks */ = {
			isa = PBXFrameworksBuildPhase;
			buildActionMask = 0;
			files = (
				OBJ_43 /* Smock.framework in Frameworks */,
			);
			runOnlyForDeploymentPostprocessing = 0;
		};
/* End PBXFrameworksBuildPhase section */

/* Begin PBXGroup section */
		OBJ_14 /* Tests */ = {
			isa = PBXGroup;
			children = (
				OBJ_15 /* SmockTests */,
			);
			name = Tests;
			sourceTree = SOURCE_ROOT;
		};
		OBJ_15 /* SmockTests */ = {
			isa = PBXGroup;
			children = (
				OBJ_16 /* ProtocolUnderTest.swift */,
				OBJ_17 /* ProtocolUnderTestMock.swift */,
				OBJ_18 /* TestingProtocolExtensions.swift */,
			);
			name = SmockTests;
			path = Tests/SmockTests;
			sourceTree = SOURCE_ROOT;
		};
		OBJ_19 /* Products */ = {
			isa = PBXGroup;
			children = (
				OBJ_20 /* Smock.framework */,
				OBJ_21 /* SmockTests.xctest */,
			);
			name = Products;
			sourceTree = BUILT_PRODUCTS_DIR;
		};
		OBJ_5 /*  */ = {
			isa = PBXGroup;
			children = (
				OBJ_6 /* Package.swift */,
				OBJ_7 /* Sources */,
				OBJ_14 /* Tests */,
				OBJ_19 /* Products */,
			);
			name = "";
			sourceTree = "<group>";
		};
		OBJ_7 /* Sources */ = {
			isa = PBXGroup;
			children = (
				OBJ_8 /* Asserts.swift */,
				OBJ_9 /* MockedObject.swift */,
				OBJ_10 /* MockedType.swift */,
				OBJ_11 /* SelectorExtensions.swift */,
				OBJ_12 /* Smock.swift */,
				OBJ_13 /* SmockStorage.swift */,
			);
			path = Sources;
			sourceTree = SOURCE_ROOT;
		};
/* End PBXGroup section */

/* Begin PBXNativeTarget section */
		OBJ_22 /* Smock */ = {
			isa = PBXNativeTarget;
			buildConfigurationList = OBJ_23 /* Build configuration list for PBXNativeTarget "Smock" */;
			buildPhases = (
				OBJ_26 /* Sources */,
				OBJ_33 /* Frameworks */,
			);
			buildRules = (
			);
			dependencies = (
			);
			name = Smock;
			productName = Smock;
			productReference = OBJ_20 /* Smock.framework */;
			productType = "com.apple.product-type.framework";
		};
		OBJ_34 /* SmockTests */ = {
			isa = PBXNativeTarget;
			buildConfigurationList = OBJ_35 /* Build configuration list for PBXNativeTarget "SmockTests" */;
			buildPhases = (
				OBJ_38 /* Sources */,
				OBJ_42 /* Frameworks */,
			);
			buildRules = (
			);
			dependencies = (
				OBJ_44 /* PBXTargetDependency */,
			);
			name = SmockTests;
			productName = SmockTests;
			productReference = OBJ_21 /* SmockTests.xctest */;
			productType = "com.apple.product-type.bundle.unit-test";
		};
/* End PBXNativeTarget section */

/* Begin PBXProject section */
		OBJ_1 /* Project object */ = {
			isa = PBXProject;
			attributes = {
				LastUpgradeCheck = 9999;
			};
			buildConfigurationList = OBJ_2 /* Build configuration list for PBXProject "Smock" */;
			compatibilityVersion = "Xcode 3.2";
			developmentRegion = English;
			hasScannedForEncodings = 0;
			knownRegions = (
				en,
			);
			mainGroup = OBJ_5 /*  */;
			productRefGroup = OBJ_19 /* Products */;
			projectDirPath = "";
			projectRoot = "";
			targets = (
				OBJ_22 /* Smock */,
				OBJ_34 /* SmockTests */,
			);
		};
/* End PBXProject section */

/* Begin PBXSourcesBuildPhase section */
		OBJ_26 /* Sources */ = {
			isa = PBXSourcesBuildPhase;
			buildActionMask = 0;
			files = (
				OBJ_27 /* Asserts.swift in Sources */,
				OBJ_28 /* MockedObject.swift in Sources */,
				OBJ_29 /* MockedType.swift in Sources */,
				OBJ_30 /* SelectorExtensions.swift in Sources */,
				OBJ_31 /* Smock.swift in Sources */,
				OBJ_32 /* SmockStorage.swift in Sources */,
			);
			runOnlyForDeploymentPostprocessing = 0;
		};
		OBJ_38 /* Sources */ = {
			isa = PBXSourcesBuildPhase;
			buildActionMask = 0;
			files = (
				OBJ_39 /* ProtocolUnderTest.swift in Sources */,
				OBJ_40 /* ProtocolUnderTestMock.swift in Sources */,
				OBJ_41 /* TestingProtocolExtensions.swift in Sources */,
			);
			runOnlyForDeploymentPostprocessing = 0;
		};
/* End PBXSourcesBuildPhase section */

/* Begin PBXTargetDependency section */
		OBJ_44 /* PBXTargetDependency */ = {
			isa = PBXTargetDependency;
			target = OBJ_22 /* Smock */;
			targetProxy = EC35BE9E1E9A57B200C3A4FD /* PBXContainerItemProxy */;
		};
/* End PBXTargetDependency section */

/* Begin XCBuildConfiguration section */
		OBJ_24 /* Debug */ = {
			isa = XCBuildConfiguration;
			buildSettings = {
				ENABLE_TESTABILITY = YES;
				FRAMEWORK_SEARCH_PATHS = (
					"$(inherited)",
					"$(PLATFORM_DIR)/Developer/Library/Frameworks",
				);
				HEADER_SEARCH_PATHS = "$(inherited)";
				INFOPLIST_FILE = Smock.xcodeproj/Smock_Info.plist;
				LD_RUNPATH_SEARCH_PATHS = "$(TOOLCHAIN_DIR)/usr/lib/swift/macosx";
				OTHER_LDFLAGS = "$(inherited)";
				OTHER_SWIFT_FLAGS = "$(inherited)";
				PRODUCT_BUNDLE_IDENTIFIER = Smock;
				PRODUCT_MODULE_NAME = "$(TARGET_NAME:c99extidentifier)";
				PRODUCT_NAME = "$(TARGET_NAME:c99extidentifier)";
				SKIP_INSTALL = YES;
				TARGET_NAME = Smock;
			};
			name = Debug;
		};
		OBJ_25 /* Release */ = {
			isa = XCBuildConfiguration;
			buildSettings = {
				ENABLE_TESTABILITY = YES;
				FRAMEWORK_SEARCH_PATHS = (
					"$(inherited)",
					"$(PLATFORM_DIR)/Developer/Library/Frameworks",
				);
				HEADER_SEARCH_PATHS = "$(inherited)";
				INFOPLIST_FILE = Smock.xcodeproj/Smock_Info.plist;
				LD_RUNPATH_SEARCH_PATHS = "$(TOOLCHAIN_DIR)/usr/lib/swift/macosx";
				OTHER_LDFLAGS = "$(inherited)";
				OTHER_SWIFT_FLAGS = "$(inherited)";
				PRODUCT_BUNDLE_IDENTIFIER = Smock;
				PRODUCT_MODULE_NAME = "$(TARGET_NAME:c99extidentifier)";
				PRODUCT_NAME = "$(TARGET_NAME:c99extidentifier)";
				SKIP_INSTALL = YES;
				TARGET_NAME = Smock;
			};
			name = Release;
		};
		OBJ_3 /* Debug */ = {
			isa = XCBuildConfiguration;
			buildSettings = {
				CLANG_ENABLE_OBJC_ARC = YES;
				COMBINE_HIDPI_IMAGES = YES;
				COPY_PHASE_STRIP = NO;
				DEBUG_INFORMATION_FORMAT = dwarf;
				DYLIB_INSTALL_NAME_BASE = "@rpath";
				ENABLE_NS_ASSERTIONS = YES;
				GCC_OPTIMIZATION_LEVEL = 0;
				MACOSX_DEPLOYMENT_TARGET = 10.10;
				ONLY_ACTIVE_ARCH = YES;
				OTHER_SWIFT_FLAGS = "-DXcode";
				PRODUCT_NAME = "$(TARGET_NAME)";
				SDKROOT = macosx;
				SUPPORTED_PLATFORMS = "macosx iphoneos iphonesimulator appletvos appletvsimulator watchos watchsimulator";
				SWIFT_ACTIVE_COMPILATION_CONDITIONS = SWIFT_PACKAGE;
				SWIFT_OPTIMIZATION_LEVEL = "-Onone";
				SWIFT_VERSION = 3.0;
				USE_HEADERMAP = NO;
			};
			name = Debug;
		};
		OBJ_36 /* Debug */ = {
			isa = XCBuildConfiguration;
			buildSettings = {
				EMBEDDED_CONTENT_CONTAINS_SWIFT = YES;
				FRAMEWORK_SEARCH_PATHS = (
					"$(inherited)",
					"$(PLATFORM_DIR)/Developer/Library/Frameworks",
				);
				HEADER_SEARCH_PATHS = "$(inherited)";
				INFOPLIST_FILE = Smock.xcodeproj/SmockTests_Info.plist;
				LD_RUNPATH_SEARCH_PATHS = "@loader_path/../Frameworks @loader_path/Frameworks";
				OTHER_LDFLAGS = "$(inherited)";
				OTHER_SWIFT_FLAGS = "$(inherited)";
				TARGET_NAME = SmockTests;
			};
			name = Debug;
		};
		OBJ_37 /* Release */ = {
			isa = XCBuildConfiguration;
			buildSettings = {
				EMBEDDED_CONTENT_CONTAINS_SWIFT = YES;
				FRAMEWORK_SEARCH_PATHS = (
					"$(inherited)",
					"$(PLATFORM_DIR)/Developer/Library/Frameworks",
				);
				HEADER_SEARCH_PATHS = "$(inherited)";
				INFOPLIST_FILE = Smock.xcodeproj/SmockTests_Info.plist;
				LD_RUNPATH_SEARCH_PATHS = "@loader_path/../Frameworks @loader_path/Frameworks";
				OTHER_LDFLAGS = "$(inherited)";
				OTHER_SWIFT_FLAGS = "$(inherited)";
				TARGET_NAME = SmockTests;
			};
			name = Release;
		};
		OBJ_4 /* Release */ = {
			isa = XCBuildConfiguration;
			buildSettings = {
				CLANG_ENABLE_OBJC_ARC = YES;
				COMBINE_HIDPI_IMAGES = YES;
				COPY_PHASE_STRIP = YES;
				DEBUG_INFORMATION_FORMAT = "dwarf-with-dsym";
				DYLIB_INSTALL_NAME_BASE = "@rpath";
				GCC_OPTIMIZATION_LEVEL = s;
				MACOSX_DEPLOYMENT_TARGET = 10.10;
				OTHER_SWIFT_FLAGS = "-DXcode";
				PRODUCT_NAME = "$(TARGET_NAME)";
				SDKROOT = macosx;
				SUPPORTED_PLATFORMS = "macosx iphoneos iphonesimulator appletvos appletvsimulator watchos watchsimulator";
				SWIFT_ACTIVE_COMPILATION_CONDITIONS = SWIFT_PACKAGE;
				SWIFT_OPTIMIZATION_LEVEL = "-Owholemodule";
				SWIFT_VERSION = 3.0;
				USE_HEADERMAP = NO;
			};
			name = Release;
		};
/* End XCBuildConfiguration section */

/* Begin XCConfigurationList section */
		OBJ_2 /* Build configuration list for PBXProject "Smock" */ = {
			isa = XCConfigurationList;
			buildConfigurations = (
				OBJ_3 /* Debug */,
				OBJ_4 /* Release */,
			);
			defaultConfigurationIsVisible = 0;
			defaultConfigurationName = Debug;
		};
		OBJ_23 /* Build configuration list for PBXNativeTarget "Smock" */ = {
			isa = XCConfigurationList;
			buildConfigurations = (
				OBJ_24 /* Debug */,
				OBJ_25 /* Release */,
			);
			defaultConfigurationIsVisible = 0;
			defaultConfigurationName = Debug;
		};
		OBJ_35 /* Build configuration list for PBXNativeTarget "SmockTests" */ = {
			isa = XCConfigurationList;
			buildConfigurations = (
				OBJ_36 /* Debug */,
				OBJ_37 /* Release */,
			);
			defaultConfigurationIsVisible = 0;
			defaultConfigurationName = Debug;
		};
/* End XCConfigurationList section */
	};
	rootObject = OBJ_1 /* Project object */;
}
